{
  "version": 4,
  "terraform_version": "1.4.0",
  "serial": 4,
  "lineage": "8a16910c-cf8c-19e2-4a7e-7ca164b42d83",
  "outputs": {},
  "resources": [
    {
      "mode": "managed",
      "type": "azurerm_container_group",
      "name": "tf_cg_sampleapi",
      "provider": "provider[\"registry.terraform.io/hashicorp/azurerm\"]",
      "instances": [
        {
          "schema_version": 0,
          "attributes": {
            "container": [
              {
                "commands": [],
                "cpu": 1,
                "environment_variables": null,
                "gpu": [],
                "image": "mohamedfarhat01/sampleapi",
                "liveness_probe": [],
                "memory": 1,
                "name": "sampleapi",
                "ports": [
                  {
                    "port": 80,
                    "protocol": "TCP"
                  }
                ],
                "readiness_probe": [],
                "secure_environment_variables": null,
                "volume": []
              }
            ],
            "diagnostics": [],
            "dns_config": [],
            "dns_name_label": "sampleapitf",
            "exposed_port": [
              {
                "port": 80,
                "protocol": "TCP"
              }
            ],
            "fqdn": "sampleapitf.uaenorth.azurecontainer.io",
            "id": "/subscriptions/df41f877-a2e9-46c9-9c8a-2e5da35b668d/resourceGroups/mohamedfarhattfrg/providers/Microsoft.ContainerInstance/containerGroups/cg_sampleapi",
            "identity": [],
            "image_registry_credential": [],
            "ip_address": "20.233.103.207",
            "ip_address_type": "Public",
            "location": "uaenorth",
            "name": "cg_sampleapi",
            "network_profile_id": null,
            "os_type": "Linux",
            "resource_group_name": "mohamedfarhattfrg",
            "restart_policy": "Always",
            "tags": null,
            "timeouts": null
          },
          "sensitive_attributes": [],
          "private": "eyJlMmJmYjczMC1lY2FhLTExZTYtOGY4OC0zNDM2M2JjN2M0YzAiOnsiY3JlYXRlIjoxODAwMDAwMDAwMDAwLCJkZWxldGUiOjE4MDAwMDAwMDAwMDAsInJlYWQiOjMwMDAwMDAwMDAwMCwidXBkYXRlIjoxODAwMDAwMDAwMDAwfX0=",
          "dependencies": [
            "azurerm_resource_group.tf_rg_sampleapi"
          ]
        }
      ]
    },
    {
      "mode": "managed",
      "type": "azurerm_resource_group",
      "name": "tf_rg_sampleapi",
      "provider": "provider[\"registry.terraform.io/hashicorp/azurerm\"]",
      "instances": [
        {
          "schema_version": 0,
          "attributes": {
            "id": "/subscriptions/df41f877-a2e9-46c9-9c8a-2e5da35b668d/resourceGroups/mohamedfarhattfrg",
            "location": "uaenorth",
            "name": "mohamedfarhattfrg",
            "tags": null,
            "timeouts": null
          },
          "sensitive_attributes": [],
          "private": "eyJlMmJmYjczMC1lY2FhLTExZTYtOGY4OC0zNDM2M2JjN2M0YzAiOnsiY3JlYXRlIjo1NDAwMDAwMDAwMDAwLCJkZWxldGUiOjU0MDAwMDAwMDAwMDAsInJlYWQiOjMwMDAwMDAwMDAwMCwidXBkYXRlIjo1NDAwMDAwMDAwMDAwfX0="
        }
      ]
    }
  ],
  "check_results": null
}
